
Microsoft Visual Studio Solution File, Format Version 12.00
# Visual Studio 15
VisualStudioVersion = 15.0.28307.168
MinimumVisualStudioVersion = 10.0.40219.1
Project("{00D1A9C2-B5F0-4AF3-8072-F6C62B433612}") = "Hiro.Db", "Hiro.Db\Hiro.Db.sqlproj", "{2AAB50D7-1316-458D-ADB9-92C1D1541354}"
EndProject
Project("{FAE04EC0-301F-11D3-BF4B-00C04F79EFBC}") = "Test", "Test\Test.csproj", "{49F54010-1016-4E80-8736-AF128DCCFD0F}"
EndProject
Global
	GlobalSection(SolutionConfigurationPlatforms) = preSolution
		Debug|Any CPU = Debug|Any CPU
		Release|Any CPU = Release|Any CPU
	EndGlobalSection
	GlobalSection(ProjectConfigurationPlatforms) = postSolution
		{2AAB50D7-1316-458D-ADB9-92C1D1541354}.Debug|Any CPU.ActiveCfg = Debug|Any CPU
		{2AAB50D7-1316-458D-ADB9-92C1D1541354}.Debug|Any CPU.Build.0 = Debug|Any CPU
		{2AAB50D7-1316-458D-ADB9-92C1D1541354}.Debug|Any CPU.Deploy.0 = Debug|Any CPU
		{2AAB50D7-1316-458D-ADB9-92C1D1541354}.Release|Any CPU.ActiveCfg = Release|Any CPU
		{2AAB50D7-1316-458D-ADB9-92C1D1541354}.Release|Any CPU.Build.0 = Release|Any CPU
		{2AAB50D7-1316-458D-ADB9-92C1D1541354}.Release|Any CPU.Deploy.0 = Release|Any CPU
		{49F54010-1016-4E80-8736-AF128DCCFD0F}.Debug|Any CPU.ActiveCfg = Debug|Any CPU
		{49F54010-1016-4E80-8736-AF128DCCFD0F}.Debug|Any CPU.Build.0 = Debug|Any CPU
		{49F54010-1016-4E80-8736-AF128DCCFD0F}.Release|Any CPU.ActiveCfg = Release|Any CPU
		{49F54010-1016-4E80-8736-AF128DCCFD0F}.Release|Any CPU.Build.0 = Release|Any CPU
	EndGlobalSection
	GlobalSection(SolutionProperties) = preSolution
		HideSolutionNode = FALSE
	EndGlobalSection
	GlobalSection(ExtensibilityGlobals) = postSolution
		SolutionGuid = {E7C2FE87-76EE-4FD7-AD42-6A1E41A93969}
	EndGlobalSection
EndGlobal
